
Microsoft Visual Studio Solution File, Format Version 10.00
# Visual C++ Express 2008
Project("{8BC9CEB8-8B4A-11D0-8D11-00A0C91BC942}") = "OpenHashing", "OpenHashing\OpenHashing.vcproj", "{F0A01C26-F1E7-47E7-B69B-135E658E2DAD}"
EndProject
Global
	GlobalSection(SolutionConfigurationPlatforms) = preSolution
		Debug|Win32 = Debug|Win32
		Release|Win32 = Release|Win32
	EndGlobalSection
	GlobalSection(ProjectConfigurationPlatforms) = postSolution
		{F0A01C26-F1E7-47E7-B69B-135E658E2DAD}.Debug|Win32.ActiveCfg = Debug|Win32
		{F0A01C26-F1E7-47E7-B69B-135E658E2DAD}.Debug|Win32.Build.0 = Debug|Win32
		{F0A01C26-F1E7-47E7-B69B-135E658E2DAD}.Release|Win32.ActiveCfg = Release|Win32
		{F0A01C26-F1E7-47E7-B69B-135E658E2DAD}.Release|Win32.Build.0 = Release|Win32
	EndGlobalSection
	GlobalSection(SolutionProperties) = preSolution
		HideSolutionNode = FALSE
	EndGlobalSection
EndGlobal
